<?xml version="1.0" encoding="utf-8"?>
<Project ToolsVersion="4.0" xmlns="http://schemas.microsoft.com/developer/msbuild/2003">
  <ItemGroup>
    <Filter Include="Assets">
      <UniqueIdentifier>3865892a-c798-41ed-a4fc-b69a563cbb80</UniqueIdentifier>
      <Extensions>bmp;fbx;gif;jpg;jpeg;tga;tiff;tif;png</Extensions>
    </Filter>
    <Image Include="Assets\LockScreenLogo.scale-200.png">
      <Filter>Assets</Filter>
    </Image>
    <Image Include="Assets\SplashScreen.scale-200.png">
      <Filter>Assets</Filter>
    </Image>
    <Image Include="Assets\Square150x150Logo.scale-200.png">
      <Filter>Assets</Filter>
    </Image>
    <Image Include="Assets\Square44x44Logo.scale-200.png">
      <Filter>Assets</Filter>
    </Image>
    <Image Include="Assets\Square44x44Logo.targetsize-24_altform-unplated.png">
      <Filter>Assets</Filter>
    </Image>
    <Image Include="Assets\StoreLogo.png">
      <Filter>Assets</Filter>
    </Image>
    <Image Include="Assets\Wide310x150Logo.scale-200.png">
      <Filter>Assets</Filter>
    </Image>
    <Filter Include="Native">
      <UniqueIdentifier>{2f1926b7-c202-433f-a2ee-c21e90565fd5}</UniqueIdentifier>
    </Filter>
    <Filter Include="Managed">
      <UniqueIdentifier>{41eb6604-90a8-458c-bb7c-c9f5ef00e052}</UniqueIdentifier>
    </Filter>
    <Filter Include="Native\Rendering">
      <UniqueIdentifier>{633981d2-71b3-44de-8ab1-f5dd03e7018d}</UniqueIdentifier>
    </Filter>
    <Filter Include="Native\Rendering\Shaders">
      <UniqueIdentifier>{a382a5fa-e49e-40bf-a3a9-b36c8cd55618}</UniqueIdentifier>
    </Filter>
    <Filter Include="Native\Utils">
      <UniqueIdentifier>{b5d9deef-61c8-4838-950f-9328245b8a00}</UniqueIdentifier>
    </Filter>
    <Filter Include="Native\OpenCV">
      <UniqueIdentifier>{991dd7ed-5e7c-4b30-941a-aab67c21c9b7}</UniqueIdentifier>
    </Filter>
  </ItemGroup>
  <ItemGroup>
    <ClCompile Include="pch.cpp" />
    <ClCompile Include="Native\Rendering\CameraResources.cpp">
      <Filter>Native\Rendering</Filter>
    </ClCompile>
    <ClCompile Include="Native\Rendering\DeviceResources.cpp">
      <Filter>Native\Rendering</Filter>
    </ClCompile>
    <ClCompile Include="Native\Rendering\QuadRenderer.cpp">
      <Filter>Native\Rendering</Filter>
    </ClCompile>
    <ClCompile Include="Managed\AppView.cpp">
      <Filter>Managed</Filter>
    </ClCompile>
    <ClCompile Include="Native\HoloHandsMain.cpp">
      <Filter>Native</Filter>
    </ClCompile>
    <ClCompile Include="Native\Sensor.cpp">
      <Filter>Native</Filter>
    </ClCompile>
    <ClCompile Include="Native\Rendering\DepthTexture.cpp">
      <Filter>Native\Rendering</Filter>
    </ClCompile>
    <ClCompile Include="Native\OpenCV\HandDetector.cpp">
      <Filter>Native\OpenCV</Filter>
    </ClCompile>
    <ClCompile Include="Native\OpenCV\Converter.cpp">
      <Filter>Native\OpenCV</Filter>
    </ClCompile>
    <ClCompile Include="Native\Utils\IO.cpp">
      <Filter>Native\Utils</Filter>
    </ClCompile>
  </ItemGroup>
  <ItemGroup>
    <ClInclude Include="pch.h" />
    <ClInclude Include="Native\Rendering\CameraResources.h">
      <Filter>Native\Rendering</Filter>
    </ClInclude>
    <ClInclude Include="Native\Rendering\DeviceResources.h">
      <Filter>Native\Rendering</Filter>
    </ClInclude>
    <ClInclude Include="Native\Rendering\DirectXHelper.h">
      <Filter>Native\Rendering</Filter>
    </ClInclude>
    <ClInclude Include="Native\Rendering\QuadRenderer.h">
      <Filter>Native\Rendering</Filter>
    </ClInclude>
    <ClInclude Include="Native\Rendering\ShaderStructures.h">
      <Filter>Native\Rendering</Filter>
    </ClInclude>
    <ClInclude Include="Managed\AppView.h">
      <Filter>Managed</Filter>
    </ClInclude>
    <ClInclude Include="Native\HoloHandsMain.h">
      <Filter>Native</Filter>
    </ClInclude>
    <ClInclude Include="Native\Utils\StepTimer.h">
      <Filter>Native\Utils</Filter>
    </ClInclude>
    <ClInclude Include="Native\Sensor.h">
      <Filter>Native</Filter>
    </ClInclude>
    <ClInclude Include="Native\Rendering\DepthTexture.h">
      <Filter>Native\Rendering</Filter>
    </ClInclude>
    <ClInclude Include="Native\OpenCV\HandDetector.h">
      <Filter>Native\OpenCV</Filter>
    </ClInclude>
    <ClInclude Include="Native\OpenCV\Converter.h">
      <Filter>Native\OpenCV</Filter>
    </ClInclude>
    <ClInclude Include="Native\Utils\IO.h">
      <Filter>Native\Utils</Filter>
    </ClInclude>
  </ItemGroup>
  <ItemGroup>
    <AppxManifest Include="Package.appxmanifest" />
  </ItemGroup>
  <ItemGroup>
    <None Include="HoloHands_TemporaryKey.pfx" />
    <None Include="packages.config" />
  </ItemGroup>
  <ItemGroup>
    <Image Include="Assets\sunset.jpg">
      <Filter>Assets</Filter>
    </Image>
  </ItemGroup>
  <ItemGroup>
    <FxCompile Include="Native\Rendering\Shaders\Quad.vs.hlsl">
      <Filter>Native\Rendering\Shaders</Filter>
    </FxCompile>
    <FxCompile Include="Native\Rendering\Shaders\Quad.ps.hlsl">
      <Filter>Native\Rendering\Shaders</Filter>
    </FxCompile>
  </ItemGroup>
</Project>