<?xml version="1.0" encoding="utf-8"?>
<Project ToolsVersion="4.0" xmlns="http://schemas.microsoft.com/developer/msbuild/2003">
  <ItemGroup>
    <Filter Include="Assets">
      <UniqueIdentifier>3865892a-c798-41ed-a4fc-b69a563cbb80</UniqueIdentifier>
      <Extensions>bmp;fbx;gif;jpg;jpeg;tga;tiff;tif;png</Extensions>
    </Filter>
    <Image Include="Assets\SplashScreen.scale-200.png">
      <Filter>Assets</Filter>
    </Image>
    <Filter Include="Native">
      <UniqueIdentifier>{2f1926b7-c202-433f-a2ee-c21e90565fd5}</UniqueIdentifier>
    </Filter>
    <Filter Include="Utils">
      <UniqueIdentifier>{f2788c16-69b4-4589-8a19-998e8b28c467}</UniqueIdentifier>
    </Filter>
    <Filter Include="Rendering">
      <UniqueIdentifier>{7264a260-9653-427a-88b5-2bcc023baa6e}</UniqueIdentifier>
    </Filter>
    <Filter Include="CV">
      <UniqueIdentifier>{ede56dd9-7d4a-4d9a-9d9c-15bf5d530328}</UniqueIdentifier>
    </Filter>
    <Filter Include="Rendering\Shaders">
      <UniqueIdentifier>{30544a7c-2e37-4b2a-8735-e574b302cb26}</UniqueIdentifier>
    </Filter>
  </ItemGroup>
  <ItemGroup>
    <ClCompile Include="pch.cpp" />
    <ClCompile Include="Native\Sensor.cpp">
      <Filter>Native</Filter>
    </ClCompile>
    <ClCompile Include="AppMain.cpp" />
    <ClCompile Include="AppView.cpp" />
    <ClCompile Include="Utils\IO.cpp">
      <Filter>Utils</Filter>
    </ClCompile>
    <ClCompile Include="Utils\ImageUtils.cpp">
      <Filter>Utils</Filter>
    </ClCompile>
    <ClCompile Include="Utils\MathsUtils.cpp">
      <Filter>Utils</Filter>
    </ClCompile>
    <ClCompile Include="Rendering\DepthTexture.cpp">
      <Filter>Rendering</Filter>
    </ClCompile>
    <ClCompile Include="Rendering\QuadRenderer.cpp">
      <Filter>Rendering</Filter>
    </ClCompile>
    <ClCompile Include="Rendering\AxisRenderer.cpp">
      <Filter>Rendering</Filter>
    </ClCompile>
    <ClCompile Include="Rendering\CubeRenderer.cpp">
      <Filter>Rendering</Filter>
    </ClCompile>
    <ClCompile Include="CV\ConvexityDefectExtractor.cpp">
      <Filter>CV</Filter>
    </ClCompile>
    <ClCompile Include="CV\HandDetector.cpp">
      <Filter>CV</Filter>
    </ClCompile>
    <ClCompile Include="Rendering\CrosshairRenderer.cpp" />
  </ItemGroup>
  <ItemGroup>
    <ClInclude Include="pch.h" />
    <ClInclude Include="Native\Sensor.h">
      <Filter>Native</Filter>
    </ClInclude>
    <ClInclude Include="AppMain.h" />
    <ClInclude Include="AppView.h" />
    <ClInclude Include="Utils\IO.h">
      <Filter>Utils</Filter>
    </ClInclude>
    <ClInclude Include="Utils\ImageUtils.h">
      <Filter>Utils</Filter>
    </ClInclude>
    <ClInclude Include="Utils\MathsUtils.h">
      <Filter>Utils</Filter>
    </ClInclude>
    <ClInclude Include="Rendering\DepthTexture.h">
      <Filter>Rendering</Filter>
    </ClInclude>
    <ClInclude Include="Rendering\QuadRenderer.h">
      <Filter>Rendering</Filter>
    </ClInclude>
    <ClInclude Include="Rendering\AxisRenderer.h">
      <Filter>Rendering</Filter>
    </ClInclude>
    <ClInclude Include="Rendering\CubeRenderer.h">
      <Filter>Rendering</Filter>
    </ClInclude>
    <ClInclude Include="Rendering\Shaders\ShaderStructs.h">
      <Filter>Rendering\Shaders</Filter>
    </ClInclude>
    <ClInclude Include="CV\ConvexityDefectExtractor.h">
      <Filter>CV</Filter>
    </ClInclude>
    <ClInclude Include="CV\HandDetector.h">
      <Filter>CV</Filter>
    </ClInclude>
    <ClInclude Include="Rendering\CrosshairRenderer.h" />
  </ItemGroup>
  <ItemGroup>
    <AppxManifest Include="Package.appxmanifest" />
  </ItemGroup>
  <ItemGroup>
    <None Include="HoloHands_TemporaryKey.pfx" />
    <None Include="packages.config" />
  </ItemGroup>
  <ItemGroup>
    <FxCompile Include="Rendering\Shaders\Quad.ps.hlsl">
      <Filter>Rendering\Shaders</Filter>
    </FxCompile>
    <FxCompile Include="Rendering\Shaders\Quad.vs.hlsl">
      <Filter>Rendering\Shaders</Filter>
    </FxCompile>
    <FxCompile Include="Rendering\Shaders\Basic.vs.hlsl" />
    <FxCompile Include="Rendering\Shaders\Basic.ps.hlsl" />
  </ItemGroup>
  <ItemGroup>
    <Image Include="Assets\holohands_logo_24x24.png">
      <Filter>Assets</Filter>
    </Image>
    <Image Include="Assets\holohands_logo_48x48.png">
      <Filter>Assets</Filter>
    </Image>
    <Image Include="Assets\holohands_logo_50x50.png">
      <Filter>Assets</Filter>
    </Image>
    <Image Include="Assets\holohands_logo_88x88.png">
      <Filter>Assets</Filter>
    </Image>
    <Image Include="Assets\holohands_logo_300x300.png">
      <Filter>Assets</Filter>
    </Image>
  </ItemGroup>
</Project>