
Microsoft Visual Studio Solution File, Format Version 12.00
# Visual Studio 15
VisualStudioVersion = 15.0.27703.2047
MinimumVisualStudioVersion = 10.0.40219.1
Project("{8BC9CEB8-8B4A-11D0-8D11-00A0C91BC942}") = "HoloHands", "HoloHands\HoloHands.vcxproj", "{A8D641F4-77EF-4F83-AA52-DF17B1FE1E6B}"
EndProject
Project("{2150E333-8FDC-42A3-9474-1A3956D46DE8}") = "Microsoft", "Microsoft", "{828433E0-8B6F-4E4B-BBE5-2BACD8144A0D}"
EndProject
Project("{8BC9CEB8-8B4A-11D0-8D11-00A0C91BC942}") = "HoloLensForCV", "Microsoft\HoloLensForCV\HoloLensForCV.vcxproj", "{208C932D-A71E-4C67-A444-0697E9A4226E}"
EndProject
Project("{8BC9CEB8-8B4A-11D0-8D11-00A0C91BC942}") = "Debugging", "Microsoft\Debugging\Debugging.vcxproj", "{AD347424-7340-47CE-A979-2C7F2DF0EB38}"
EndProject
Project("{8BC9CEB8-8B4A-11D0-8D11-00A0C91BC942}") = "Io", "Microsoft\Io\Io.vcxproj", "{6E542043-C5D1-4850-B43E-E9295B640C2B}"
EndProject
Project("{8BC9CEB8-8B4A-11D0-8D11-00A0C91BC942}") = "OpenCVHelpers", "Microsoft\OpenCVHelpers\OpenCVHelpers.vcxproj", "{940A6D80-0775-4272-84C9-1585C4757071}"
EndProject
Project("{8BC9CEB8-8B4A-11D0-8D11-00A0C91BC942}") = "Rendering", "Microsoft\Rendering\Rendering.vcxproj", "{421BB462-74F2-4831-9AB7-06B77E0A98B4}"
EndProject
Project("{8BC9CEB8-8B4A-11D0-8D11-00A0C91BC942}") = "Graphics", "Microsoft\Graphics\Graphics.vcxproj", "{39CD08AE-9700-49CF-8616-18C20644416F}"
EndProject
Project("{8BC9CEB8-8B4A-11D0-8D11-00A0C91BC942}") = "Holographic", "Microsoft\Holographic\Holographic.vcxproj", "{A1F9E48F-49E3-4F8C-AC48-2EFDBED4B873}"
EndProject
Global
	GlobalSection(SolutionConfigurationPlatforms) = preSolution
		Debug|Any CPU = Debug|Any CPU
		Debug|x86 = Debug|x86
		Release|Any CPU = Release|Any CPU
		Release|x86 = Release|x86
	EndGlobalSection
	GlobalSection(ProjectConfigurationPlatforms) = postSolution
		{A8D641F4-77EF-4F83-AA52-DF17B1FE1E6B}.Debug|Any CPU.ActiveCfg = Debug|Win32
		{A8D641F4-77EF-4F83-AA52-DF17B1FE1E6B}.Debug|x86.ActiveCfg = Debug|Win32
		{A8D641F4-77EF-4F83-AA52-DF17B1FE1E6B}.Debug|x86.Build.0 = Debug|Win32
		{A8D641F4-77EF-4F83-AA52-DF17B1FE1E6B}.Debug|x86.Deploy.0 = Debug|Win32
		{A8D641F4-77EF-4F83-AA52-DF17B1FE1E6B}.Release|Any CPU.ActiveCfg = Release|Win32
		{A8D641F4-77EF-4F83-AA52-DF17B1FE1E6B}.Release|x86.ActiveCfg = Release|Win32
		{A8D641F4-77EF-4F83-AA52-DF17B1FE1E6B}.Release|x86.Build.0 = Release|Win32
		{A8D641F4-77EF-4F83-AA52-DF17B1FE1E6B}.Release|x86.Deploy.0 = Release|Win32
		{208C932D-A71E-4C67-A444-0697E9A4226E}.Debug|Any CPU.ActiveCfg = Debug|Win32
		{208C932D-A71E-4C67-A444-0697E9A4226E}.Debug|x86.ActiveCfg = Debug|Win32
		{208C932D-A71E-4C67-A444-0697E9A4226E}.Debug|x86.Build.0 = Debug|Win32
		{208C932D-A71E-4C67-A444-0697E9A4226E}.Release|Any CPU.ActiveCfg = Release|Win32
		{208C932D-A71E-4C67-A444-0697E9A4226E}.Release|x86.ActiveCfg = Release|Win32
		{208C932D-A71E-4C67-A444-0697E9A4226E}.Release|x86.Build.0 = Release|Win32
		{AD347424-7340-47CE-A979-2C7F2DF0EB38}.Debug|Any CPU.ActiveCfg = Debug|Win32
		{AD347424-7340-47CE-A979-2C7F2DF0EB38}.Debug|x86.ActiveCfg = Debug|Win32
		{AD347424-7340-47CE-A979-2C7F2DF0EB38}.Debug|x86.Build.0 = Debug|Win32
		{AD347424-7340-47CE-A979-2C7F2DF0EB38}.Release|Any CPU.ActiveCfg = Release|Win32
		{AD347424-7340-47CE-A979-2C7F2DF0EB38}.Release|x86.ActiveCfg = Release|Win32
		{AD347424-7340-47CE-A979-2C7F2DF0EB38}.Release|x86.Build.0 = Release|Win32
		{6E542043-C5D1-4850-B43E-E9295B640C2B}.Debug|Any CPU.ActiveCfg = Debug|Win32
		{6E542043-C5D1-4850-B43E-E9295B640C2B}.Debug|x86.ActiveCfg = Debug|Win32
		{6E542043-C5D1-4850-B43E-E9295B640C2B}.Debug|x86.Build.0 = Debug|Win32
		{6E542043-C5D1-4850-B43E-E9295B640C2B}.Release|Any CPU.ActiveCfg = Release|Win32
		{6E542043-C5D1-4850-B43E-E9295B640C2B}.Release|x86.ActiveCfg = Release|Win32
		{6E542043-C5D1-4850-B43E-E9295B640C2B}.Release|x86.Build.0 = Release|Win32
		{940A6D80-0775-4272-84C9-1585C4757071}.Debug|Any CPU.ActiveCfg = Debug|Win32
		{940A6D80-0775-4272-84C9-1585C4757071}.Debug|x86.ActiveCfg = Debug|Win32
		{940A6D80-0775-4272-84C9-1585C4757071}.Debug|x86.Build.0 = Debug|Win32
		{940A6D80-0775-4272-84C9-1585C4757071}.Release|Any CPU.ActiveCfg = Release|Win32
		{940A6D80-0775-4272-84C9-1585C4757071}.Release|x86.ActiveCfg = Release|Win32
		{940A6D80-0775-4272-84C9-1585C4757071}.Release|x86.Build.0 = Release|Win32
		{421BB462-74F2-4831-9AB7-06B77E0A98B4}.Debug|Any CPU.ActiveCfg = Debug|Win32
		{421BB462-74F2-4831-9AB7-06B77E0A98B4}.Debug|x86.ActiveCfg = Debug|Win32
		{421BB462-74F2-4831-9AB7-06B77E0A98B4}.Debug|x86.Build.0 = Debug|Win32
		{421BB462-74F2-4831-9AB7-06B77E0A98B4}.Release|Any CPU.ActiveCfg = Release|Win32
		{421BB462-74F2-4831-9AB7-06B77E0A98B4}.Release|x86.ActiveCfg = Release|Win32
		{421BB462-74F2-4831-9AB7-06B77E0A98B4}.Release|x86.Build.0 = Release|Win32
		{39CD08AE-9700-49CF-8616-18C20644416F}.Debug|Any CPU.ActiveCfg = Debug|Win32
		{39CD08AE-9700-49CF-8616-18C20644416F}.Debug|x86.ActiveCfg = Debug|Win32
		{39CD08AE-9700-49CF-8616-18C20644416F}.Debug|x86.Build.0 = Debug|Win32
		{39CD08AE-9700-49CF-8616-18C20644416F}.Release|Any CPU.ActiveCfg = Release|Win32
		{39CD08AE-9700-49CF-8616-18C20644416F}.Release|x86.ActiveCfg = Release|Win32
		{39CD08AE-9700-49CF-8616-18C20644416F}.Release|x86.Build.0 = Release|Win32
		{A1F9E48F-49E3-4F8C-AC48-2EFDBED4B873}.Debug|Any CPU.ActiveCfg = Debug|Win32
		{A1F9E48F-49E3-4F8C-AC48-2EFDBED4B873}.Debug|x86.ActiveCfg = Debug|Win32
		{A1F9E48F-49E3-4F8C-AC48-2EFDBED4B873}.Debug|x86.Build.0 = Debug|Win32
		{A1F9E48F-49E3-4F8C-AC48-2EFDBED4B873}.Release|Any CPU.ActiveCfg = Release|Win32
		{A1F9E48F-49E3-4F8C-AC48-2EFDBED4B873}.Release|x86.ActiveCfg = Release|Win32
		{A1F9E48F-49E3-4F8C-AC48-2EFDBED4B873}.Release|x86.Build.0 = Release|Win32
	EndGlobalSection
	GlobalSection(SolutionProperties) = preSolution
		HideSolutionNode = FALSE
	EndGlobalSection
	GlobalSection(NestedProjects) = preSolution
		{208C932D-A71E-4C67-A444-0697E9A4226E} = {828433E0-8B6F-4E4B-BBE5-2BACD8144A0D}
		{AD347424-7340-47CE-A979-2C7F2DF0EB38} = {828433E0-8B6F-4E4B-BBE5-2BACD8144A0D}
		{6E542043-C5D1-4850-B43E-E9295B640C2B} = {828433E0-8B6F-4E4B-BBE5-2BACD8144A0D}
		{940A6D80-0775-4272-84C9-1585C4757071} = {828433E0-8B6F-4E4B-BBE5-2BACD8144A0D}
		{421BB462-74F2-4831-9AB7-06B77E0A98B4} = {828433E0-8B6F-4E4B-BBE5-2BACD8144A0D}
		{39CD08AE-9700-49CF-8616-18C20644416F} = {828433E0-8B6F-4E4B-BBE5-2BACD8144A0D}
		{A1F9E48F-49E3-4F8C-AC48-2EFDBED4B873} = {828433E0-8B6F-4E4B-BBE5-2BACD8144A0D}
	EndGlobalSection
	GlobalSection(ExtensibilityGlobals) = postSolution
		SolutionGuid = {52AC8274-8819-4602-8FF8-573779913E4F}
	EndGlobalSection
EndGlobal
